// !$*UTF8*$!
{
	archiveVersion = 1;
	classes = {
	};
	objectVersion = 46;
	objects = {

/* Begin PBXBuildFile section */
		C642CF2A1D0CE452003FD45F /* main.cpp in Sources */ = {isa = PBXBuildFile; fileRef = C642CF281D0CE452003FD45F /* main.cpp */; };
/* End PBXBuildFile section */

/* Begin PBXCopyFilesBuildPhase section */
		C642CF191D0CE3C9003FD45F /* CopyFiles */ = {
			isa = PBXCopyFilesBuildPhase;
			buildActionMask = 2147483647;
			dstPath = /usr/share/man/man1/;
			dstSubfolderSpec = 0;
			files = (
			);
			runOnlyForDeploymentPostprocessing = 1;
		};
/* End PBXCopyFilesBuildPhase section */

/* Begin PBXFileReference section */
		C642CF1B1D0CE3C9003FD45F /* nearest */ = {isa = PBXFileReference; explicitFileType = "compiled.mach-o.executable"; includeInIndex = 0; path = nearest; sourceTree = BUILT_PRODUCTS_DIR; };
		C642CF251D0CE452003FD45F /* compileAndRun.sh */ = {isa = PBXFileReference; fileEncoding = 4; lastKnownFileType = text.script.sh; path = compileAndRun.sh; sourceTree = "<group>"; };
		C642CF261D0CE452003FD45F /* KDNode.hpp */ = {isa = PBXFileReference; fileEncoding = 4; lastKnownFileType = sourcecode.cpp.h; path = KDNode.hpp; sourceTree = "<group>"; };
		C642CF271D0CE452003FD45F /* kdTree.hpp */ = {isa = PBXFileReference; fileEncoding = 4; lastKnownFileType = sourcecode.cpp.h; path = kdTree.hpp; sourceTree = "<group>"; };
		C642CF281D0CE452003FD45F /* main.cpp */ = {isa = PBXFileReference; fileEncoding = 4; lastKnownFileType = sourcecode.cpp.cpp; path = main.cpp; sourceTree = "<group>"; };
		C642CF291D0CE452003FD45F /* README.txt */ = {isa = PBXFileReference; fileEncoding = 4; lastKnownFileType = text; path = README.txt; sourceTree = "<group>"; };
/* End PBXFileReference section */

/* Begin PBXFrameworksBuildPhase section */
		C642CF181D0CE3C9003FD45F /* Frameworks */ = {
			isa = PBXFrameworksBuildPhase;
			buildActionMask = 2147483647;
			files = (
			);
			runOnlyForDeploymentPostprocessing = 0;
		};
/* End PBXFrameworksBuildPhase section */

/* Begin PBXGroup section */
		C642CF121D0CE3C9003FD45F = {
			isa = PBXGroup;
			children = (
				C642CF1D1D0CE3C9003FD45F /* nearest */,
				C642CF1C1D0CE3C9003FD45F /* Products */,
			);
			sourceTree = "<group>";
		};
		C642CF1C1D0CE3C9003FD45F /* Products */ = {
			isa = PBXGroup;
			children = (
				C642CF1B1D0CE3C9003FD45F /* nearest */,
			);
			name = Products;
			sourceTree = "<group>";
		};
		C642CF1D1D0CE3C9003FD45F /* nearest */ = {
			isa = PBXGroup;
			children = (
				C642CF251D0CE452003FD45F /* compileAndRun.sh */,
				C642CF261D0CE452003FD45F /* KDNode.hpp */,
				C642CF271D0CE452003FD45F /* kdTree.hpp */,
				C642CF281D0CE452003FD45F /* main.cpp */,
				C642CF291D0CE452003FD45F /* README.txt */,
			);
			path = nearest;
			sourceTree = "<group>";
		};
/* End PBXGroup section */

/* Begin PBXNativeTarget section */
		C642CF1A1D0CE3C9003FD45F /* nearest */ = {
			isa = PBXNativeTarget;
			buildConfigurationList = C642CF221D0CE3C9003FD45F /* Build configuration list for PBXNativeTarget "nearest" */;
			buildPhases = (
				C642CF171D0CE3C9003FD45F /* Sources */,
				C642CF181D0CE3C9003FD45F /* Frameworks */,
				C642CF191D0CE3C9003FD45F /* CopyFiles */,
			);
			buildRules = (
			);
			dependencies = (
			);
			name = nearest;
			productName = nearest;
			productReference = C642CF1B1D0CE3C9003FD45F /* nearest */;
			productType = "com.apple.product-type.tool";
		};
/* End PBXNativeTarget section */

/* Begin PBXProject section */
		C642CF131D0CE3C9003FD45F /* Project object */ = {
			isa = PBXProject;
			attributes = {
				LastUpgradeCheck = 0730;
				ORGANIZATIONNAME = "shashank hegde";
				TargetAttributes = {
					C642CF1A1D0CE3C9003FD45F = {
						CreatedOnToolsVersion = 7.3.1;
					};
				};
			};
			buildConfigurationList = C642CF161D0CE3C9003FD45F /* Build configuration list for PBXProject "nearest" */;
			compatibilityVersion = "Xcode 3.2";
			developmentRegion = English;
			hasScannedForEncodings = 0;
			knownRegions = (
				en,
			);
			mainGroup = C642CF121D0CE3C9003FD45F;
			productRefGroup = C642CF1C1D0CE3C9003FD45F /* Products */;
			projectDirPath = "";
			projectRoot = "";
			targets = (
				C642CF1A1D0CE3C9003FD45F /* nearest */,
			);
		};
/* End PBXProject section */

/* Begin PBXSourcesBuildPhase section */
		C642CF171D0CE3C9003FD45F /* Sources */ = {
			isa = PBXSourcesBuildPhase;
			buildActionMask = 2147483647;
			files = (
				C642CF2A1D0CE452003FD45F /* main.cpp in Sources */,
			);
			runOnlyForDeploymentPostprocessing = 0;
		};
/* End PBXSourcesBuildPhase section */

/* Begin XCBuildConfiguration section */
		C642CF201D0CE3C9003FD45F /* Debug */ = {
			isa = XCBuildConfiguration;
			buildSettings = {
				ALWAYS_SEARCH_USER_PATHS = NO;
				CLANG_ANALYZER_NONNULL = YES;
				CLANG_CXX_LANGUAGE_STANDARD = "gnu++0x";
				CLANG_CXX_LIBRARY = "libc++";
				CLANG_ENABLE_MODULES = YES;
				CLANG_ENABLE_OBJC_ARC = YES;
				CLANG_WARN_BOOL_CONVERSION = YES;
				CLANG_WARN_CONSTANT_CONVERSION = YES;
				CLANG_WARN_DIRECT_OBJC_ISA_USAGE = YES_ERROR;
				CLANG_WARN_EMPTY_BODY = YES;
				CLANG_WARN_ENUM_CONVERSION = YES;
				CLANG_WARN_INT_CONVERSION = YES;
				CLANG_WARN_OBJC_ROOT_CLASS = YES_ERROR;
				CLANG_WARN_UNREACHABLE_CODE = YES;
				CLANG_WARN__DUPLICATE_METHOD_MATCH = YES;
				CODE_SIGN_IDENTITY = "-";
				COPY_PHASE_STRIP = NO;
				DEBUG_INFORMATION_FORMAT = dwarf;
				ENABLE_STRICT_OBJC_MSGSEND = YES;
				ENABLE_TESTABILITY = YES;
				GCC_C_LANGUAGE_STANDARD = gnu99;
				GCC_DYNAMIC_NO_PIC = NO;
				GCC_NO_COMMON_BLOCKS = YES;
				GCC_OPTIMIZATION_LEVEL = 0;
				GCC_PREPROCESSOR_DEFINITIONS = (
					"DEBUG=1",
					"$(inherited)",
				);
				GCC_WARN_64_TO_32_BIT_CONVERSION = YES;
				GCC_WARN_ABOUT_RETURN_TYPE = YES_ERROR;
				GCC_WARN_UNDECLARED_SELECTOR = YES;
				GCC_WARN_UNINITIALIZED_AUTOS = YES_AGGRESSIVE;
				GCC_WARN_UNUSED_FUNCTION = YES;
				GCC_WARN_UNUSED_VARIABLE = YES;
				MACOSX_DEPLOYMENT_TARGET = 10.11;
				MTL_ENABLE_DEBUG_INFO = YES;
				ONLY_ACTIVE_ARCH = YES;
				SDKROOT = macosx;
			};
			name = Debug;
		};
		C642CF211D0CE3C9003FD45F /* Release */ = {
			isa = XCBuildConfiguration;
			buildSettings = {
				ALWAYS_SEARCH_USER_PATHS = NO;
				CLANG_ANALYZER_NONNULL = YES;
				CLANG_CXX_LANGUAGE_STANDARD = "gnu++0x";
				CLANG_CXX_LIBRARY = "libc++";
				CLANG_ENABLE_MODULES = YES;
				CLANG_ENABLE_OBJC_ARC = YES;
				CLANG_WARN_BOOL_CONVERSION = YES;
				CLANG_WARN_CONSTANT_CONVERSION = YES;
				CLANG_WARN_DIRECT_OBJC_ISA_USAGE = YES_ERROR;
				CLANG_WARN_EMPTY_BODY = YES;
				CLANG_WARN_ENUM_CONVERSION = YES;
				CLANG_WARN_INT_CONVERSION = YES;
				CLANG_WARN_OBJC_ROOT_CLASS = YES_ERROR;
				CLANG_WARN_UNREACHABLE_CODE = YES;
				CLANG_WARN__DUPLICATE_METHOD_MATCH = YES;
				CODE_SIGN_IDENTITY = "-";
				COPY_PHASE_STRIP = NO;
				DEBUG_INFORMATION_FORMAT = "dwarf-with-dsym";
				ENABLE_NS_ASSERTIONS = NO;
				ENABLE_STRICT_OBJC_MSGSEND = YES;
				GCC_C_LANGUAGE_STANDARD = gnu99;
				GCC_NO_COMMON_BLOCKS = YES;
				GCC_WARN_64_TO_32_BIT_CONVERSION = YES;
				GCC_WARN_ABOUT_RETURN_TYPE = YES_ERROR;
				GCC_WARN_UNDECLARED_SELECTOR = YES;
				GCC_WARN_UNINITIALIZED_AUTOS = YES_AGGRESSIVE;
				GCC_WARN_UNUSED_FUNCTION = YES;
				GCC_WARN_UNUSED_VARIABLE = YES;
				MACOSX_DEPLOYMENT_TARGET = 10.11;
				MTL_ENABLE_DEBUG_INFO = NO;
				SDKROOT = macosx;
			};
			name = Release;
		};
		C642CF231D0CE3C9003FD45F /* Debug */ = {
			isa = XCBuildConfiguration;
			buildSettings = {
				PRODUCT_NAME = "$(TARGET_NAME)";
			};
			name = Debug;
		};
		C642CF241D0CE3C9003FD45F /* Release */ = {
			isa = XCBuildConfiguration;
			buildSettings = {
				PRODUCT_NAME = "$(TARGET_NAME)";
			};
			name = Release;
		};
/* End XCBuildConfiguration section */

/* Begin XCConfigurationList section */
		C642CF161D0CE3C9003FD45F /* Build configuration list for PBXProject "nearest" */ = {
			isa = XCConfigurationList;
			buildConfigurations = (
				C642CF201D0CE3C9003FD45F /* Debug */,
				C642CF211D0CE3C9003FD45F /* Release */,
			);
			defaultConfigurationIsVisible = 0;
			defaultConfigurationName = Release;
		};
		C642CF221D0CE3C9003FD45F /* Build configuration list for PBXNativeTarget "nearest" */ = {
			isa = XCConfigurationList;
			buildConfigurations = (
				C642CF231D0CE3C9003FD45F /* Debug */,
				C642CF241D0CE3C9003FD45F /* Release */,
			);
			defaultConfigurationIsVisible = 0;
		};
/* End XCConfigurationList section */
	};
	rootObject = C642CF131D0CE3C9003FD45F /* Project object */;
}
